// !$*UTF8*$!
{
	archiveVersion = 1;
	classes = {
	};
	objectVersion = 50;
	objects = {

/* Begin PBXBuildFile section */
		62664C9926275D8D00ABB28E /* ARViewController.swift in Sources */ = {isa = PBXBuildFile; fileRef = 62664C8326275D8D00ABB28E /* ARViewController.swift */; };
		62664C9A26275D8D00ABB28E /* ARResult.mm in Sources */ = {isa = PBXBuildFile; fileRef = 62664C8626275D8D00ABB28E /* ARResult.mm */; };
		62664C9B26275D8D00ABB28E /* ARControllerDelegate.swift in Sources */ = {isa = PBXBuildFile; fileRef = 62664C8726275D8D00ABB28E /* ARControllerDelegate.swift */; };
		62664C9C26275D8D00ABB28E /* ARTargetParser.swift in Sources */ = {isa = PBXBuildFile; fileRef = 62664C8826275D8D00ABB28E /* ARTargetParser.swift */; };
		62664C9D26275D8D00ABB28E /* ARDataSet.swift in Sources */ = {isa = PBXBuildFile; fileRef = 62664C8926275D8D00ABB28E /* ARDataSet.swift */; };
		62664C9E26275D8D00ABB28E /* ARController.mm in Sources */ = {isa = PBXBuildFile; fileRef = 62664C8A26275D8D00ABB28E /* ARController.mm */; };
		62664C9F26275D8D00ABB28E /* ARController+VuforiaMath.mm in Sources */ = {isa = PBXBuildFile; fileRef = 62664C8B26275D8D00ABB28E /* ARController+VuforiaMath.mm */; };
		62664CA026275D8D00ABB28E /* MetalRenderer.swift in Sources */ = {isa = PBXBuildFile; fileRef = 62664C8E26275D8D00ABB28E /* MetalRenderer.swift */; };
		62664CA126275D8D00ABB28E /* SquareModel.swift in Sources */ = {isa = PBXBuildFile; fileRef = 62664C9026275D8D00ABB28E /* SquareModel.swift */; };
		62664CA226275D8D00ABB28E /* RenderedObject.swift in Sources */ = {isa = PBXBuildFile; fileRef = 62664C9126275D8D00ABB28E /* RenderedObject.swift */; };
		62664CA326275D8D00ABB28E /* VideoBackground.swift in Sources */ = {isa = PBXBuildFile; fileRef = 62664C9226275D8D00ABB28E /* VideoBackground.swift */; };
		62664CA426275D8D00ABB28E /* AxisModel.swift in Sources */ = {isa = PBXBuildFile; fileRef = 62664C9326275D8D00ABB28E /* AxisModel.swift */; };
		62664CA526275D8D00ABB28E /* CubeModel.swift in Sources */ = {isa = PBXBuildFile; fileRef = 62664C9426275D8D00ABB28E /* CubeModel.swift */; };
		62664CA626275D8D00ABB28E /* ARTarget.swift in Sources */ = {isa = PBXBuildFile; fileRef = 62664C9526275D8D00ABB28E /* ARTarget.swift */; };
		62664CA726275D8D00ABB28E /* VuforiaView+Preparation.swift in Sources */ = {isa = PBXBuildFile; fileRef = 62664C9726275D8D00ABB28E /* VuforiaView+Preparation.swift */; };
		62664CA826275D8D00ABB28E /* VuforiaView.swift in Sources */ = {isa = PBXBuildFile; fileRef = 62664C9826275D8D00ABB28E /* VuforiaView.swift */; };
		62664CAE26275EAC00ABB28E /* Helper.swift in Sources */ = {isa = PBXBuildFile; fileRef = 62664CAD26275EAC00ABB28E /* Helper.swift */; };
		6268C9EA2627562D00D5B660 /* AppDelegate.swift in Sources */ = {isa = PBXBuildFile; fileRef = 6268C9E92627562D00D5B660 /* AppDelegate.swift */; };
		6268C9EC2627562D00D5B660 /* SceneDelegate.swift in Sources */ = {isa = PBXBuildFile; fileRef = 6268C9EB2627562D00D5B660 /* SceneDelegate.swift */; };
		6268C9EE2627562D00D5B660 /* ViewController.swift in Sources */ = {isa = PBXBuildFile; fileRef = 6268C9ED2627562D00D5B660 /* ViewController.swift */; };
		6268C9F12627562D00D5B660 /* Main.storyboard in Resources */ = {isa = PBXBuildFile; fileRef = 6268C9EF2627562D00D5B660 /* Main.storyboard */; };
		6268C9F32627562D00D5B660 /* Assets.xcassets in Resources */ = {isa = PBXBuildFile; fileRef = 6268C9F22627562D00D5B660 /* Assets.xcassets */; };
		6268C9F62627562D00D5B660 /* LaunchScreen.storyboard in Resources */ = {isa = PBXBuildFile; fileRef = 6268C9F42627562D00D5B660 /* LaunchScreen.storyboard */; };
		6268CA062627587E00D5B660 /* license_3rdpartynotice_vuforia.txt in Resources */ = {isa = PBXBuildFile; fileRef = 6268CA022627587E00D5B660 /* license_3rdpartynotice_vuforia.txt */; };
		6268CA072627587E00D5B660 /* readme_vuforia.txt in Resources */ = {isa = PBXBuildFile; fileRef = 6268CA032627587E00D5B660 /* readme_vuforia.txt */; };
		6268CA0E2627591700D5B660 /* Vuforia.framework in Frameworks */ = {isa = PBXBuildFile; fileRef = 6268CA052627587E00D5B660 /* Vuforia.framework */; };
		6268CA0F2627591700D5B660 /* Vuforia.framework in Embed Frameworks */ = {isa = PBXBuildFile; fileRef = 6268CA052627587E00D5B660 /* Vuforia.framework */; settings = {ATTRIBUTES = (CodeSignOnCopy, RemoveHeadersOnCopy, ); }; };
/* End PBXBuildFile section */

/* Begin PBXCopyFilesBuildPhase section */
		6268CA102627591700D5B660 /* Embed Frameworks */ = {
			isa = PBXCopyFilesBuildPhase;
			buildActionMask = 2147483647;
			dstPath = "";
			dstSubfolderSpec = 10;
			files = (
				6268CA0F2627591700D5B660 /* Vuforia.framework in Embed Frameworks */,
			);
			name = "Embed Frameworks";
			runOnlyForDeploymentPostprocessing = 0;
		};
/* End PBXCopyFilesBuildPhase section */

/* Begin PBXFileReference section */
		62664C8326275D8D00ABB28E /* ARViewController.swift */ = {isa = PBXFileReference; fileEncoding = 4; lastKnownFileType = sourcecode.swift; path = ARViewController.swift; sourceTree = "<group>"; };
		62664C8526275D8D00ABB28E /* ARController.h */ = {isa = PBXFileReference; fileEncoding = 4; lastKnownFileType = sourcecode.c.h; path = ARController.h; sourceTree = "<group>"; };
		62664C8626275D8D00ABB28E /* ARResult.mm */ = {isa = PBXFileReference; fileEncoding = 4; lastKnownFileType = sourcecode.cpp.objcpp; path = ARResult.mm; sourceTree = "<group>"; };
		62664C8726275D8D00ABB28E /* ARControllerDelegate.swift */ = {isa = PBXFileReference; fileEncoding = 4; lastKnownFileType = sourcecode.swift; path = ARControllerDelegate.swift; sourceTree = "<group>"; };
		62664C8826275D8D00ABB28E /* ARTargetParser.swift */ = {isa = PBXFileReference; fileEncoding = 4; lastKnownFileType = sourcecode.swift; path = ARTargetParser.swift; sourceTree = "<group>"; };
		62664C8926275D8D00ABB28E /* ARDataSet.swift */ = {isa = PBXFileReference; fileEncoding = 4; lastKnownFileType = sourcecode.swift; path = ARDataSet.swift; sourceTree = "<group>"; };
		62664C8A26275D8D00ABB28E /* ARController.mm */ = {isa = PBXFileReference; fileEncoding = 4; lastKnownFileType = sourcecode.cpp.objcpp; path = ARController.mm; sourceTree = "<group>"; };
		62664C8B26275D8D00ABB28E /* ARController+VuforiaMath.mm */ = {isa = PBXFileReference; fileEncoding = 4; lastKnownFileType = sourcecode.cpp.objcpp; path = "ARController+VuforiaMath.mm"; sourceTree = "<group>"; };
		62664C8C26275D8D00ABB28E /* ARResult.h */ = {isa = PBXFileReference; fileEncoding = 4; lastKnownFileType = sourcecode.c.h; path = ARResult.h; sourceTree = "<group>"; };
		62664C8E26275D8D00ABB28E /* MetalRenderer.swift */ = {isa = PBXFileReference; fileEncoding = 4; lastKnownFileType = sourcecode.swift; path = MetalRenderer.swift; sourceTree = "<group>"; };
		62664C9026275D8D00ABB28E /* SquareModel.swift */ = {isa = PBXFileReference; fileEncoding = 4; lastKnownFileType = sourcecode.swift; path = SquareModel.swift; sourceTree = "<group>"; };
		62664C9126275D8D00ABB28E /* RenderedObject.swift */ = {isa = PBXFileReference; fileEncoding = 4; lastKnownFileType = sourcecode.swift; path = RenderedObject.swift; sourceTree = "<group>"; };
		62664C9226275D8D00ABB28E /* VideoBackground.swift */ = {isa = PBXFileReference; fileEncoding = 4; lastKnownFileType = sourcecode.swift; path = VideoBackground.swift; sourceTree = "<group>"; };
		62664C9326275D8D00ABB28E /* AxisModel.swift */ = {isa = PBXFileReference; fileEncoding = 4; lastKnownFileType = sourcecode.swift; path = AxisModel.swift; sourceTree = "<group>"; };
		62664C9426275D8D00ABB28E /* CubeModel.swift */ = {isa = PBXFileReference; fileEncoding = 4; lastKnownFileType = sourcecode.swift; path = CubeModel.swift; sourceTree = "<group>"; };
		62664C9526275D8D00ABB28E /* ARTarget.swift */ = {isa = PBXFileReference; fileEncoding = 4; lastKnownFileType = sourcecode.swift; path = ARTarget.swift; sourceTree = "<group>"; };
		62664C9726275D8D00ABB28E /* VuforiaView+Preparation.swift */ = {isa = PBXFileReference; fileEncoding = 4; lastKnownFileType = sourcecode.swift; path = "VuforiaView+Preparation.swift"; sourceTree = "<group>"; };
		62664C9826275D8D00ABB28E /* VuforiaView.swift */ = {isa = PBXFileReference; fileEncoding = 4; lastKnownFileType = sourcecode.swift; path = VuforiaView.swift; sourceTree = "<group>"; };
		62664CAC26275DEF00ABB28E /* BridgingHeader.h */ = {isa = PBXFileReference; lastKnownFileType = sourcecode.c.h; path = BridgingHeader.h; sourceTree = "<group>"; };
		62664CAD26275EAC00ABB28E /* Helper.swift */ = {isa = PBXFileReference; lastKnownFileType = sourcecode.swift; path = Helper.swift; sourceTree = "<group>"; };
		6268C9E62627562D00D5B660 /* vuforia-metal-example.app */ = {isa = PBXFileReference; explicitFileType = wrapper.application; includeInIndex = 0; path = "vuforia-metal-example.app"; sourceTree = BUILT_PRODUCTS_DIR; };
		6268C9E92627562D00D5B660 /* AppDelegate.swift */ = {isa = PBXFileReference; lastKnownFileType = sourcecode.swift; path = AppDelegate.swift; sourceTree = "<group>"; };
		6268C9EB2627562D00D5B660 /* SceneDelegate.swift */ = {isa = PBXFileReference; lastKnownFileType = sourcecode.swift; path = SceneDelegate.swift; sourceTree = "<group>"; };
		6268C9ED2627562D00D5B660 /* ViewController.swift */ = {isa = PBXFileReference; lastKnownFileType = sourcecode.swift; path = ViewController.swift; sourceTree = "<group>"; };
		6268C9F02627562D00D5B660 /* Base */ = {isa = PBXFileReference; lastKnownFileType = file.storyboard; name = Base; path = Base.lproj/Main.storyboard; sourceTree = "<group>"; };
		6268C9F22627562D00D5B660 /* Assets.xcassets */ = {isa = PBXFileReference; lastKnownFileType = folder.assetcatalog; path = Assets.xcassets; sourceTree = "<group>"; };
		6268C9F52627562D00D5B660 /* Base */ = {isa = PBXFileReference; lastKnownFileType = file.storyboard; name = Base; path = Base.lproj/LaunchScreen.storyboard; sourceTree = "<group>"; };
		6268C9F72627562D00D5B660 /* Info.plist */ = {isa = PBXFileReference; lastKnownFileType = text.plist.xml; path = Info.plist; sourceTree = "<group>"; };
		6268CA022627587E00D5B660 /* license_3rdpartynotice_vuforia.txt */ = {isa = PBXFileReference; fileEncoding = 4; lastKnownFileType = text; path = license_3rdpartynotice_vuforia.txt; sourceTree = "<group>"; };
		6268CA032627587E00D5B660 /* readme_vuforia.txt */ = {isa = PBXFileReference; fileEncoding = 4; lastKnownFileType = text; path = readme_vuforia.txt; sourceTree = "<group>"; };
		6268CA052627587E00D5B660 /* Vuforia.framework */ = {isa = PBXFileReference; lastKnownFileType = wrapper.framework; path = Vuforia.framework; sourceTree = "<group>"; };
/* End PBXFileReference section */

/* Begin PBXFrameworksBuildPhase section */
		6268C9E32627562D00D5B660 /* Frameworks */ = {
			isa = PBXFrameworksBuildPhase;
			buildActionMask = 2147483647;
			files = (
				6268CA0E2627591700D5B660 /* Vuforia.framework in Frameworks */,
			);
			runOnlyForDeploymentPostprocessing = 0;
		};
/* End PBXFrameworksBuildPhase section */

/* Begin PBXGroup section */
		62664C8126275D8D00ABB28E /* AR */ = {
			isa = PBXGroup;
			children = (
				62664C8226275D8D00ABB28E /* Controller */,
				62664C8426275D8D00ABB28E /* Model */,
				62664C9626275D8D00ABB28E /* View */,
			);
			path = AR;
			sourceTree = "<group>";
		};
		62664C8226275D8D00ABB28E /* Controller */ = {
			isa = PBXGroup;
			children = (
				62664C8326275D8D00ABB28E /* ARViewController.swift */,
			);
			path = Controller;
			sourceTree = "<group>";
		};
		62664C8426275D8D00ABB28E /* Model */ = {
			isa = PBXGroup;
			children = (
				62664C8526275D8D00ABB28E /* ARController.h */,
				62664C8626275D8D00ABB28E /* ARResult.mm */,
				62664C8726275D8D00ABB28E /* ARControllerDelegate.swift */,
				62664C8826275D8D00ABB28E /* ARTargetParser.swift */,
				62664C8926275D8D00ABB28E /* ARDataSet.swift */,
				62664C8A26275D8D00ABB28E /* ARController.mm */,
				62664C8B26275D8D00ABB28E /* ARController+VuforiaMath.mm */,
				62664C8C26275D8D00ABB28E /* ARResult.h */,
				62664C8D26275D8D00ABB28E /* Rendering */,
				62664C9526275D8D00ABB28E /* ARTarget.swift */,
			);
			path = Model;
			sourceTree = "<group>";
		};
		62664C8D26275D8D00ABB28E /* Rendering */ = {
			isa = PBXGroup;
			children = (
				62664C8E26275D8D00ABB28E /* MetalRenderer.swift */,
				62664C8F26275D8D00ABB28E /* Primitives */,
			);
			path = Rendering;
			sourceTree = "<group>";
		};
		62664C8F26275D8D00ABB28E /* Primitives */ = {
			isa = PBXGroup;
			children = (
				62664C9026275D8D00ABB28E /* SquareModel.swift */,
				62664C9126275D8D00ABB28E /* RenderedObject.swift */,
				62664C9226275D8D00ABB28E /* VideoBackground.swift */,
				62664C9326275D8D00ABB28E /* AxisModel.swift */,
				62664C9426275D8D00ABB28E /* CubeModel.swift */,
			);
			path = Primitives;
			sourceTree = "<group>";
		};
		62664C9626275D8D00ABB28E /* View */ = {
			isa = PBXGroup;
			children = (
				62664C9726275D8D00ABB28E /* VuforiaView+Preparation.swift */,
				62664C9826275D8D00ABB28E /* VuforiaView.swift */,
			);
			path = View;
			sourceTree = "<group>";
		};
		6268C9DD2627562D00D5B660 = {
			isa = PBXGroup;
			children = (
				6268C9FF2627587E00D5B660 /* Frameworks */,
				6268C9E82627562D00D5B660 /* vuforia-metal-example */,
				6268C9E72627562D00D5B660 /* Products */,
			);
			sourceTree = "<group>";
		};
		6268C9E72627562D00D5B660 /* Products */ = {
			isa = PBXGroup;
			children = (
				6268C9E62627562D00D5B660 /* vuforia-metal-example.app */,
			);
			name = Products;
			sourceTree = "<group>";
		};
		6268C9E82627562D00D5B660 /* vuforia-metal-example */ = {
			isa = PBXGroup;
			children = (
				62664C8126275D8D00ABB28E /* AR */,
				6268C9E92627562D00D5B660 /* AppDelegate.swift */,
				62664CAD26275EAC00ABB28E /* Helper.swift */,
				6268C9EB2627562D00D5B660 /* SceneDelegate.swift */,
				6268C9ED2627562D00D5B660 /* ViewController.swift */,
				6268C9EF2627562D00D5B660 /* Main.storyboard */,
				6268C9F22627562D00D5B660 /* Assets.xcassets */,
				6268C9F42627562D00D5B660 /* LaunchScreen.storyboard */,
				6268C9F72627562D00D5B660 /* Info.plist */,
				62664CAC26275DEF00ABB28E /* BridgingHeader.h */,
			);
			path = "vuforia-metal-example";
			sourceTree = "<group>";
		};
		6268C9FF2627587E00D5B660 /* Frameworks */ = {
			isa = PBXGroup;
			children = (
				6268CA002627587E00D5B660 /* vuforia-sdk-ios-9-7-4 */,
			);
			name = Frameworks;
			path = "vuforia-metal-example/Frameworks";
			sourceTree = "<group>";
		};
		6268CA002627587E00D5B660 /* vuforia-sdk-ios-9-7-4 */ = {
			isa = PBXGroup;
			children = (
				6268CA012627587E00D5B660 /* licenses */,
				6268CA032627587E00D5B660 /* readme_vuforia.txt */,
				6268CA042627587E00D5B660 /* build */,
			);
			path = "vuforia-sdk-ios-9-7-4";
			sourceTree = "<group>";
		};
		6268CA012627587E00D5B660 /* licenses */ = {
			isa = PBXGroup;
			children = (
				6268CA022627587E00D5B660 /* license_3rdpartynotice_vuforia.txt */,
			);
			path = licenses;
			sourceTree = "<group>";
		};
		6268CA042627587E00D5B660 /* build */ = {
			isa = PBXGroup;
			children = (
				6268CA052627587E00D5B660 /* Vuforia.framework */,
			);
			path = build;
			sourceTree = "<group>";
		};
/* End PBXGroup section */

/* Begin PBXNativeTarget section */
		6268C9E52627562D00D5B660 /* vuforia-metal-example */ = {
			isa = PBXNativeTarget;
			buildConfigurationList = 6268C9FA2627562D00D5B660 /* Build configuration list for PBXNativeTarget "vuforia-metal-example" */;
			buildPhases = (
				6268C9E22627562D00D5B660 /* Sources */,
				6268C9E32627562D00D5B660 /* Frameworks */,
				6268C9E42627562D00D5B660 /* Resources */,
				6268CA102627591700D5B660 /* Embed Frameworks */,
			);
			buildRules = (
			);
			dependencies = (
			);
			name = "vuforia-metal-example";
			productName = "vuforia-metal-example";
			productReference = 6268C9E62627562D00D5B660 /* vuforia-metal-example.app */;
			productType = "com.apple.product-type.application";
		};
/* End PBXNativeTarget section */

/* Begin PBXProject section */
		6268C9DE2627562D00D5B660 /* Project object */ = {
			isa = PBXProject;
			attributes = {
				LastSwiftUpdateCheck = 1240;
				LastUpgradeCheck = 1240;
				TargetAttributes = {
					6268C9E52627562D00D5B660 = {
						CreatedOnToolsVersion = 12.4;
					};
				};
			};
			buildConfigurationList = 6268C9E12627562D00D5B660 /* Build configuration list for PBXProject "vuforia-metal-example" */;
			compatibilityVersion = "Xcode 9.3";
			developmentRegion = en;
			hasScannedForEncodings = 0;
			knownRegions = (
				en,
				Base,
			);
			mainGroup = 6268C9DD2627562D00D5B660;
			productRefGroup = 6268C9E72627562D00D5B660 /* Products */;
			projectDirPath = "";
			projectRoot = "";
			targets = (
				6268C9E52627562D00D5B660 /* vuforia-metal-example */,
			);
		};
/* End PBXProject section */

/* Begin PBXResourcesBuildPhase section */
		6268C9E42627562D00D5B660 /* Resources */ = {
			isa = PBXResourcesBuildPhase;
			buildActionMask = 2147483647;
			files = (
				6268CA062627587E00D5B660 /* license_3rdpartynotice_vuforia.txt in Resources */,
				6268CA072627587E00D5B660 /* readme_vuforia.txt in Resources */,
				6268C9F62627562D00D5B660 /* LaunchScreen.storyboard in Resources */,
				6268C9F32627562D00D5B660 /* Assets.xcassets in Resources */,
				6268C9F12627562D00D5B660 /* Main.storyboard in Resources */,
			);
			runOnlyForDeploymentPostprocessing = 0;
		};
/* End PBXResourcesBuildPhase section */

/* Begin PBXSourcesBuildPhase section */
		6268C9E22627562D00D5B660 /* Sources */ = {
			isa = PBXSourcesBuildPhase;
			buildActionMask = 2147483647;
			files = (
				62664CA026275D8D00ABB28E /* MetalRenderer.swift in Sources */,
				6268C9EE2627562D00D5B660 /* ViewController.swift in Sources */,
				62664C9B26275D8D00ABB28E /* ARControllerDelegate.swift in Sources */,
				62664CA626275D8D00ABB28E /* ARTarget.swift in Sources */,
				62664C9A26275D8D00ABB28E /* ARResult.mm in Sources */,
				62664C9D26275D8D00ABB28E /* ARDataSet.swift in Sources */,
				6268C9EA2627562D00D5B660 /* AppDelegate.swift in Sources */,
				62664CAE26275EAC00ABB28E /* Helper.swift in Sources */,
				62664CA126275D8D00ABB28E /* SquareModel.swift in Sources */,
				62664C9F26275D8D00ABB28E /* ARController+VuforiaMath.mm in Sources */,
				62664C9C26275D8D00ABB28E /* ARTargetParser.swift in Sources */,
				62664C9E26275D8D00ABB28E /* ARController.mm in Sources */,
				62664CA726275D8D00ABB28E /* VuforiaView+Preparation.swift in Sources */,
				62664CA526275D8D00ABB28E /* CubeModel.swift in Sources */,
				62664CA226275D8D00ABB28E /* RenderedObject.swift in Sources */,
				62664CA326275D8D00ABB28E /* VideoBackground.swift in Sources */,
				62664CA426275D8D00ABB28E /* AxisModel.swift in Sources */,
				62664CA826275D8D00ABB28E /* VuforiaView.swift in Sources */,
				6268C9EC2627562D00D5B660 /* SceneDelegate.swift in Sources */,
				62664C9926275D8D00ABB28E /* ARViewController.swift in Sources */,
			);
			runOnlyForDeploymentPostprocessing = 0;
		};
/* End PBXSourcesBuildPhase section */

/* Begin PBXVariantGroup section */
		6268C9EF2627562D00D5B660 /* Main.storyboard */ = {
			isa = PBXVariantGroup;
			children = (
				6268C9F02627562D00D5B660 /* Base */,
			);
			name = Main.storyboard;
			sourceTree = "<group>";
		};
		6268C9F42627562D00D5B660 /* LaunchScreen.storyboard */ = {
			isa = PBXVariantGroup;
			children = (
				6268C9F52627562D00D5B660 /* Base */,
			);
			name = LaunchScreen.storyboard;
			sourceTree = "<group>";
		};
/* End PBXVariantGroup section */

/* Begin XCBuildConfiguration section */
		6268C9F82627562D00D5B660 /* Debug */ = {
			isa = XCBuildConfiguration;
			buildSettings = {
				ALWAYS_SEARCH_USER_PATHS = NO;
				CLANG_ANALYZER_NONNULL = YES;
				CLANG_ANALYZER_NUMBER_OBJECT_CONVERSION = YES_AGGRESSIVE;
				CLANG_CXX_LANGUAGE_STANDARD = "gnu++14";
				CLANG_CXX_LIBRARY = "libc++";
				CLANG_ENABLE_MODULES = YES;
				CLANG_ENABLE_OBJC_ARC = YES;
				CLANG_ENABLE_OBJC_WEAK = YES;
				CLANG_WARN_BLOCK_CAPTURE_AUTORELEASING = YES;
				CLANG_WARN_BOOL_CONVERSION = YES;
				CLANG_WARN_COMMA = YES;
				CLANG_WARN_CONSTANT_CONVERSION = YES;
				CLANG_WARN_DEPRECATED_OBJC_IMPLEMENTATIONS = YES;
				CLANG_WARN_DIRECT_OBJC_ISA_USAGE = YES_ERROR;
				CLANG_WARN_DOCUMENTATION_COMMENTS = YES;
				CLANG_WARN_EMPTY_BODY = YES;
				CLANG_WARN_ENUM_CONVERSION = YES;
				CLANG_WARN_INFINITE_RECURSION = YES;
				CLANG_WARN_INT_CONVERSION = YES;
				CLANG_WARN_NON_LITERAL_NULL_CONVERSION = YES;
				CLANG_WARN_OBJC_IMPLICIT_RETAIN_SELF = YES;
				CLANG_WARN_OBJC_LITERAL_CONVERSION = YES;
				CLANG_WARN_OBJC_ROOT_CLASS = YES_ERROR;
				CLANG_WARN_QUOTED_INCLUDE_IN_FRAMEWORK_HEADER = YES;
				CLANG_WARN_RANGE_LOOP_ANALYSIS = YES;
				CLANG_WARN_STRICT_PROTOTYPES = YES;
				CLANG_WARN_SUSPICIOUS_MOVE = YES;
				CLANG_WARN_UNGUARDED_AVAILABILITY = YES_AGGRESSIVE;
				CLANG_WARN_UNREACHABLE_CODE = YES;
				CLANG_WARN__DUPLICATE_METHOD_MATCH = YES;
				COPY_PHASE_STRIP = NO;
				DEBUG_INFORMATION_FORMAT = dwarf;
				ENABLE_STRICT_OBJC_MSGSEND = YES;
				ENABLE_TESTABILITY = YES;
				GCC_C_LANGUAGE_STANDARD = gnu11;
				GCC_DYNAMIC_NO_PIC = NO;
				GCC_NO_COMMON_BLOCKS = YES;
				GCC_OPTIMIZATION_LEVEL = 0;
				GCC_PREPROCESSOR_DEFINITIONS = (
					"DEBUG=1",
					"$(inherited)",
				);
				GCC_WARN_64_TO_32_BIT_CONVERSION = YES;
				GCC_WARN_ABOUT_RETURN_TYPE = YES_ERROR;
				GCC_WARN_UNDECLARED_SELECTOR = YES;
				GCC_WARN_UNINITIALIZED_AUTOS = YES_AGGRESSIVE;
				GCC_WARN_UNUSED_FUNCTION = YES;
				GCC_WARN_UNUSED_VARIABLE = YES;
				IPHONEOS_DEPLOYMENT_TARGET = 14.4;
				MTL_ENABLE_DEBUG_INFO = INCLUDE_SOURCE;
				MTL_FAST_MATH = YES;
				ONLY_ACTIVE_ARCH = YES;
				SDKROOT = iphoneos;
				SWIFT_ACTIVE_COMPILATION_CONDITIONS = DEBUG;
				SWIFT_OPTIMIZATION_LEVEL = "-Onone";
			};
			name = Debug;
		};
		6268C9F92627562D00D5B660 /* Release */ = {
			isa = XCBuildConfiguration;
			buildSettings = {
				ALWAYS_SEARCH_USER_PATHS = NO;
				CLANG_ANALYZER_NONNULL = YES;
				CLANG_ANALYZER_NUMBER_OBJECT_CONVERSION = YES_AGGRESSIVE;
				CLANG_CXX_LANGUAGE_STANDARD = "gnu++14";
				CLANG_CXX_LIBRARY = "libc++";
				CLANG_ENABLE_MODULES = YES;
				CLANG_ENABLE_OBJC_ARC = YES;
				CLANG_ENABLE_OBJC_WEAK = YES;
				CLANG_WARN_BLOCK_CAPTURE_AUTORELEASING = YES;
				CLANG_WARN_BOOL_CONVERSION = YES;
				CLANG_WARN_COMMA = YES;
				CLANG_WARN_CONSTANT_CONVERSION = YES;
				CLANG_WARN_DEPRECATED_OBJC_IMPLEMENTATIONS = YES;
				CLANG_WARN_DIRECT_OBJC_ISA_USAGE = YES_ERROR;
				CLANG_WARN_DOCUMENTATION_COMMENTS = YES;
				CLANG_WARN_EMPTY_BODY = YES;
				CLANG_WARN_ENUM_CONVERSION = YES;
				CLANG_WARN_INFINITE_RECURSION = YES;
				CLANG_WARN_INT_CONVERSION = YES;
				CLANG_WARN_NON_LITERAL_NULL_CONVERSION = YES;
				CLANG_WARN_OBJC_IMPLICIT_RETAIN_SELF = YES;
				CLANG_WARN_OBJC_LITERAL_CONVERSION = YES;
				CLANG_WARN_OBJC_ROOT_CLASS = YES_ERROR;
				CLANG_WARN_QUOTED_INCLUDE_IN_FRAMEWORK_HEADER = YES;
				CLANG_WARN_RANGE_LOOP_ANALYSIS = YES;
				CLANG_WARN_STRICT_PROTOTYPES = YES;
				CLANG_WARN_SUSPICIOUS_MOVE = YES;
				CLANG_WARN_UNGUARDED_AVAILABILITY = YES_AGGRESSIVE;
				CLANG_WARN_UNREACHABLE_CODE = YES;
				CLANG_WARN__DUPLICATE_METHOD_MATCH = YES;
				COPY_PHASE_STRIP = NO;
				DEBUG_INFORMATION_FORMAT = "dwarf-with-dsym";
				ENABLE_NS_ASSERTIONS = NO;
				ENABLE_STRICT_OBJC_MSGSEND = YES;
				GCC_C_LANGUAGE_STANDARD = gnu11;
				GCC_NO_COMMON_BLOCKS = YES;
				GCC_WARN_64_TO_32_BIT_CONVERSION = YES;
				GCC_WARN_ABOUT_RETURN_TYPE = YES_ERROR;
				GCC_WARN_UNDECLARED_SELECTOR = YES;
				GCC_WARN_UNINITIALIZED_AUTOS = YES_AGGRESSIVE;
				GCC_WARN_UNUSED_FUNCTION = YES;
				GCC_WARN_UNUSED_VARIABLE = YES;
				IPHONEOS_DEPLOYMENT_TARGET = 14.4;
				MTL_ENABLE_DEBUG_INFO = NO;
				MTL_FAST_MATH = YES;
				SDKROOT = iphoneos;
				SWIFT_COMPILATION_MODE = wholemodule;
				SWIFT_OPTIMIZATION_LEVEL = "-O";
				VALIDATE_PRODUCT = YES;
			};
			name = Release;
		};
		6268C9FB2627562D00D5B660 /* Debug */ = {
			isa = XCBuildConfiguration;
			buildSettings = {
				ASSETCATALOG_COMPILER_APPICON_NAME = AppIcon;
				ASSETCATALOG_COMPILER_GLOBAL_ACCENT_COLOR_NAME = AccentColor;
				CLANG_CXX_LANGUAGE_STANDARD = "gnu++0x";
				CODE_SIGN_STYLE = Automatic;
				"EXCLUDED_ARCHS[sdk=iphonesimulator*]" = arm64;
				FRAMEWORK_SEARCH_PATHS = (
					"$(inherited)",
					"$(PROJECT_DIR)/vuforia-metal-example/Frameworks/vuforia-sdk-ios-9-7-4/build",
				);
				GCC_C_LANGUAGE_STANDARD = c99;
				INFOPLIST_FILE = "vuforia-metal-example/Info.plist";
				IPHONEOS_DEPLOYMENT_TARGET = 13.0;
				LD_RUNPATH_SEARCH_PATHS = (
					"$(inherited)",
					"@executable_path/Frameworks",
				);
				PRODUCT_BUNDLE_IDENTIFIER = "zli-jevgenije.vuforia-metal-example";
				PRODUCT_NAME = "$(TARGET_NAME)";
				SWIFT_OBJC_BRIDGING_HEADER = "vuforia-metal-example/BridgingHeader.h";
				SWIFT_VERSION = 5.0;
				TARGETED_DEVICE_FAMILY = "1,2";
				VALIDATE_WORKSPACE = YES;
			};
			name = Debug;
		};
		6268C9FC2627562D00D5B660 /* Release */ = {
			isa = XCBuildConfiguration;
			buildSettings = {
				ASSETCATALOG_COMPILER_APPICON_NAME = AppIcon;
				ASSETCATALOG_COMPILER_GLOBAL_ACCENT_COLOR_NAME = AccentColor;
				CLANG_CXX_LANGUAGE_STANDARD = "gnu++0x";
				CODE_SIGN_STYLE = Automatic;
				"EXCLUDED_ARCHS[sdk=iphonesimulator*]" = arm64;
				FRAMEWORK_SEARCH_PATHS = (
					"$(inherited)",
					"$(PROJECT_DIR)/vuforia-metal-example/Frameworks/vuforia-sdk-ios-9-7-4/build",
				);
				GCC_C_LANGUAGE_STANDARD = c99;
				INFOPLIST_FILE = "vuforia-metal-example/Info.plist";
				IPHONEOS_DEPLOYMENT_TARGET = 13.0;
				LD_RUNPATH_SEARCH_PATHS = (
					"$(inherited)",
					"@executable_path/Frameworks",
				);
				PRODUCT_BUNDLE_IDENTIFIER = "zli-jevgenije.vuforia-metal-example";
				PRODUCT_NAME = "$(TARGET_NAME)";
				SWIFT_OBJC_BRIDGING_HEADER = "vuforia-metal-example/BridgingHeader.h";
				SWIFT_VERSION = 5.0;
				TARGETED_DEVICE_FAMILY = "1,2";
				VALIDATE_WORKSPACE = YES;
			};
			name = Release;
		};
/* End XCBuildConfiguration section */

/* Begin XCConfigurationList section */
		6268C9E12627562D00D5B660 /* Build configuration list for PBXProject "vuforia-metal-example" */ = {
			isa = XCConfigurationList;
			buildConfigurations = (
				6268C9F82627562D00D5B660 /* Debug */,
				6268C9F92627562D00D5B660 /* Release */,
			);
			defaultConfigurationIsVisible = 0;
			defaultConfigurationName = Release;
		};
		6268C9FA2627562D00D5B660 /* Build configuration list for PBXNativeTarget "vuforia-metal-example" */ = {
			isa = XCConfigurationList;
			buildConfigurations = (
				6268C9FB2627562D00D5B660 /* Debug */,
				6268C9FC2627562D00D5B660 /* Release */,
			);
			defaultConfigurationIsVisible = 0;
			defaultConfigurationName = Release;
		};
/* End XCConfigurationList section */
	};
	rootObject = 6268C9DE2627562D00D5B660 /* Project object */;
}
